
Microsoft Visual Studio Solution File, Format Version 12.00
# Visual Studio Version 16
VisualStudioVersion = 16.0.29920.165
MinimumVisualStudioVersion = 10.0.40219.1
Project("{FAE04EC0-301F-11D3-BF4B-00C04F79EFBC}") = "WebApiDocker", "WebApiDocker.csproj", "{EC880B00-3903-4EF2-8082-1AD248B52EDF}"
EndProject
Global
	GlobalSection(SolutionConfigurationPlatforms) = preSolution
		Debug|Any CPU = Debug|Any CPU
		Release|Any CPU = Release|Any CPU
	EndGlobalSection
	GlobalSection(ProjectConfigurationPlatforms) = postSolution
		{EC880B00-3903-4EF2-8082-1AD248B52EDF}.Debug|Any CPU.ActiveCfg = Debug|Any CPU
		{EC880B00-3903-4EF2-8082-1AD248B52EDF}.Debug|Any CPU.Build.0 = Debug|Any CPU
		{EC880B00-3903-4EF2-8082-1AD248B52EDF}.Release|Any CPU.ActiveCfg = Release|Any CPU
		{EC880B00-3903-4EF2-8082-1AD248B52EDF}.Release|Any CPU.Build.0 = Release|Any CPU
	EndGlobalSection
	GlobalSection(SolutionProperties) = preSolution
		HideSolutionNode = FALSE
	EndGlobalSection
	GlobalSection(ExtensibilityGlobals) = postSolution
		SolutionGuid = {053484BC-52E5-4661-B138-0709040E1077}
	EndGlobalSection
EndGlobal
